
Microsoft Visual Studio Solution File, Format Version 12.00
# Visual Studio 2013
VisualStudioVersion = 12.0.30501.0
MinimumVisualStudioVersion = 10.0.40219.1
Project("{FAE04EC0-301F-11D3-BF4B-00C04F79EFBC}") = "Practice", "Practice\Practice.csproj", "{E8C08E0B-D0B4-4B0F-8E2C-311A62CF5ACC}"
EndProject
Project("{FAE04EC0-301F-11D3-BF4B-00C04F79EFBC}") = "Repository", "Repository\Repository.csproj", "{888B2C47-9F19-4E91-872A-7C762AA2C818}"
EndProject
Project("{FAE04EC0-301F-11D3-BF4B-00C04F79EFBC}") = "Model", "Models\Model.csproj", "{7038A79A-4514-4FCA-8BB9-A12F1153960B}"
EndProject
Project("{FAE04EC0-301F-11D3-BF4B-00C04F79EFBC}") = "Common.Global", "Global\Common.Global.csproj", "{C2BE7B4B-0101-485B-A92D-7ACBC42646F8}"
EndProject
Project("{FAE04EC0-301F-11D3-BF4B-00C04F79EFBC}") = "Common.Tool", "HelperUnit\Common.Tool.csproj", "{8142B85F-B0C3-49CA-A3F7-FD4E7DAE410D}"
EndProject
Project("{FAE04EC0-301F-11D3-BF4B-00C04F79EFBC}") = "Common.CustomerException", "CustomerException\Common.CustomerException.csproj", "{293DEA67-CC7D-4387-AB15-21B4E58E7EC1}"
EndProject
Project("{FAE04EC0-301F-11D3-BF4B-00C04F79EFBC}") = "IoC.Manager", "IoC\IoC.Manager.csproj", "{67281155-C47E-4D2C-81AF-4B5898FD216F}"
EndProject
Project("{FAE04EC0-301F-11D3-BF4B-00C04F79EFBC}") = "Service", "Service\Service.csproj", "{BC5DE5B8-86BA-46B6-B0A4-C8D420B8A538}"
EndProject
Project("{FAE04EC0-301F-11D3-BF4B-00C04F79EFBC}") = "UnitTest.Practice", "UnitTest.Practice\UnitTest.Practice.csproj", "{E05DC522-B7D9-40C0-953E-CBA364EBC266}"
EndProject
Project("{FAE04EC0-301F-11D3-BF4B-00C04F79EFBC}") = "UnitTest.Service", "UnitTest.Service\UnitTest.Service.csproj", "{02124D89-87AE-4C17-B0DD-7630A5624449}"
EndProject
Project("{2150E333-8FDC-42A3-9474-1A3956D46DE8}") = "com.tac.common", "com.tac.common", "{ADC7BB9D-9495-4927-BE75-0D1B18D5CBE2}"
EndProject
Project("{2150E333-8FDC-42A3-9474-1A3956D46DE8}") = "com.tac.website", "com.tac.website", "{FDEFD670-3ECA-4484-B1C9-E60E7CA59565}"
EndProject
Project("{2150E333-8FDC-42A3-9474-1A3956D46DE8}") = "com.tac.ioc", "com.tac.ioc", "{C812FD4B-6D3A-4204-889A-B8A0E0B4B1AB}"
EndProject
Project("{2150E333-8FDC-42A3-9474-1A3956D46DE8}") = "com.tac.practice.service.proxy", "com.tac.practice.service.proxy", "{BF356003-F5DA-4DE4-AFE6-B222E8604324}"
EndProject
Project("{2150E333-8FDC-42A3-9474-1A3956D46DE8}") = "com.tac.model", "com.tac.model", "{3871F15F-120D-47C1-966A-1D923ABA57E4}"
EndProject
Project("{2150E333-8FDC-42A3-9474-1A3956D46DE8}") = "com.tac.service", "com.tac.service", "{B6A1C68D-DD1E-4741-937A-269A597A76CE}"
EndProject
Project("{2150E333-8FDC-42A3-9474-1A3956D46DE8}") = "com.tac.unittest", "com.tac.unittest", "{93CE2D8F-21D6-448C-962A-4ADFB8A8F9CA}"
EndProject
Project("{2150E333-8FDC-42A3-9474-1A3956D46DE8}") = "com.tac.repository", "com.tac.repository", "{28152624-AD76-402F-89A5-12009AD32E35}"
EndProject
Project("{2150E333-8FDC-42A3-9474-1A3956D46DE8}") = "com.tac.controller", "com.tac.controller", "{D0F20850-CBE6-4E9C-B4B1-C68AE728DDE5}"
EndProject
Project("{FAE04EC0-301F-11D3-BF4B-00C04F79EFBC}") = "Service.Proxy", "Service.Proxy\Service.Proxy.csproj", "{3925CECF-B7D4-4515-BE76-2F34B189ACEB}"
EndProject
Project("{2150E333-8FDC-42A3-9474-1A3956D46DE8}") = "com.tac", "com.tac", "{ED8CB2BC-3390-46F8-8999-B60B07481D16}"
	ProjectSection(SolutionItems) = preProject
		Version.txt = Version.txt
	EndProjectSection
EndProject
Global
	GlobalSection(SolutionConfigurationPlatforms) = preSolution
		Debug|Any CPU = Debug|Any CPU
		Release|Any CPU = Release|Any CPU
	EndGlobalSection
	GlobalSection(ProjectConfigurationPlatforms) = postSolution
		{E8C08E0B-D0B4-4B0F-8E2C-311A62CF5ACC}.Debug|Any CPU.ActiveCfg = Debug|Any CPU
		{E8C08E0B-D0B4-4B0F-8E2C-311A62CF5ACC}.Debug|Any CPU.Build.0 = Debug|Any CPU
		{E8C08E0B-D0B4-4B0F-8E2C-311A62CF5ACC}.Release|Any CPU.ActiveCfg = Release|Any CPU
		{E8C08E0B-D0B4-4B0F-8E2C-311A62CF5ACC}.Release|Any CPU.Build.0 = Release|Any CPU
		{888B2C47-9F19-4E91-872A-7C762AA2C818}.Debug|Any CPU.ActiveCfg = Debug|Any CPU
		{888B2C47-9F19-4E91-872A-7C762AA2C818}.Debug|Any CPU.Build.0 = Debug|Any CPU
		{888B2C47-9F19-4E91-872A-7C762AA2C818}.Release|Any CPU.ActiveCfg = Release|Any CPU
		{888B2C47-9F19-4E91-872A-7C762AA2C818}.Release|Any CPU.Build.0 = Release|Any CPU
		{7038A79A-4514-4FCA-8BB9-A12F1153960B}.Debug|Any CPU.ActiveCfg = Debug|Any CPU
		{7038A79A-4514-4FCA-8BB9-A12F1153960B}.Debug|Any CPU.Build.0 = Debug|Any CPU
		{7038A79A-4514-4FCA-8BB9-A12F1153960B}.Release|Any CPU.ActiveCfg = Release|Any CPU
		{7038A79A-4514-4FCA-8BB9-A12F1153960B}.Release|Any CPU.Build.0 = Release|Any CPU
		{C2BE7B4B-0101-485B-A92D-7ACBC42646F8}.Debug|Any CPU.ActiveCfg = Debug|Any CPU
		{C2BE7B4B-0101-485B-A92D-7ACBC42646F8}.Debug|Any CPU.Build.0 = Debug|Any CPU
		{C2BE7B4B-0101-485B-A92D-7ACBC42646F8}.Release|Any CPU.ActiveCfg = Release|Any CPU
		{C2BE7B4B-0101-485B-A92D-7ACBC42646F8}.Release|Any CPU.Build.0 = Release|Any CPU
		{8142B85F-B0C3-49CA-A3F7-FD4E7DAE410D}.Debug|Any CPU.ActiveCfg = Debug|Any CPU
		{8142B85F-B0C3-49CA-A3F7-FD4E7DAE410D}.Debug|Any CPU.Build.0 = Debug|Any CPU
		{8142B85F-B0C3-49CA-A3F7-FD4E7DAE410D}.Release|Any CPU.ActiveCfg = Release|Any CPU
		{8142B85F-B0C3-49CA-A3F7-FD4E7DAE410D}.Release|Any CPU.Build.0 = Release|Any CPU
		{293DEA67-CC7D-4387-AB15-21B4E58E7EC1}.Debug|Any CPU.ActiveCfg = Debug|Any CPU
		{293DEA67-CC7D-4387-AB15-21B4E58E7EC1}.Debug|Any CPU.Build.0 = Debug|Any CPU
		{293DEA67-CC7D-4387-AB15-21B4E58E7EC1}.Release|Any CPU.ActiveCfg = Release|Any CPU
		{293DEA67-CC7D-4387-AB15-21B4E58E7EC1}.Release|Any CPU.Build.0 = Release|Any CPU
		{67281155-C47E-4D2C-81AF-4B5898FD216F}.Debug|Any CPU.ActiveCfg = Debug|Any CPU
		{67281155-C47E-4D2C-81AF-4B5898FD216F}.Debug|Any CPU.Build.0 = Debug|Any CPU
		{67281155-C47E-4D2C-81AF-4B5898FD216F}.Release|Any CPU.ActiveCfg = Release|Any CPU
		{67281155-C47E-4D2C-81AF-4B5898FD216F}.Release|Any CPU.Build.0 = Release|Any CPU
		{BC5DE5B8-86BA-46B6-B0A4-C8D420B8A538}.Debug|Any CPU.ActiveCfg = Debug|Any CPU
		{BC5DE5B8-86BA-46B6-B0A4-C8D420B8A538}.Debug|Any CPU.Build.0 = Debug|Any CPU
		{BC5DE5B8-86BA-46B6-B0A4-C8D420B8A538}.Release|Any CPU.ActiveCfg = Release|Any CPU
		{BC5DE5B8-86BA-46B6-B0A4-C8D420B8A538}.Release|Any CPU.Build.0 = Release|Any CPU
		{E05DC522-B7D9-40C0-953E-CBA364EBC266}.Debug|Any CPU.ActiveCfg = Debug|Any CPU
		{E05DC522-B7D9-40C0-953E-CBA364EBC266}.Debug|Any CPU.Build.0 = Debug|Any CPU
		{E05DC522-B7D9-40C0-953E-CBA364EBC266}.Release|Any CPU.ActiveCfg = Release|Any CPU
		{E05DC522-B7D9-40C0-953E-CBA364EBC266}.Release|Any CPU.Build.0 = Release|Any CPU
		{02124D89-87AE-4C17-B0DD-7630A5624449}.Debug|Any CPU.ActiveCfg = Debug|Any CPU
		{02124D89-87AE-4C17-B0DD-7630A5624449}.Debug|Any CPU.Build.0 = Debug|Any CPU
		{02124D89-87AE-4C17-B0DD-7630A5624449}.Release|Any CPU.ActiveCfg = Release|Any CPU
		{02124D89-87AE-4C17-B0DD-7630A5624449}.Release|Any CPU.Build.0 = Release|Any CPU
		{3925CECF-B7D4-4515-BE76-2F34B189ACEB}.Debug|Any CPU.ActiveCfg = Debug|Any CPU
		{3925CECF-B7D4-4515-BE76-2F34B189ACEB}.Debug|Any CPU.Build.0 = Debug|Any CPU
		{3925CECF-B7D4-4515-BE76-2F34B189ACEB}.Release|Any CPU.ActiveCfg = Release|Any CPU
		{3925CECF-B7D4-4515-BE76-2F34B189ACEB}.Release|Any CPU.Build.0 = Release|Any CPU
	EndGlobalSection
	GlobalSection(SolutionProperties) = preSolution
		HideSolutionNode = FALSE
	EndGlobalSection
	GlobalSection(NestedProjects) = preSolution
		{E8C08E0B-D0B4-4B0F-8E2C-311A62CF5ACC} = {FDEFD670-3ECA-4484-B1C9-E60E7CA59565}
		{888B2C47-9F19-4E91-872A-7C762AA2C818} = {28152624-AD76-402F-89A5-12009AD32E35}
		{7038A79A-4514-4FCA-8BB9-A12F1153960B} = {3871F15F-120D-47C1-966A-1D923ABA57E4}
		{C2BE7B4B-0101-485B-A92D-7ACBC42646F8} = {ADC7BB9D-9495-4927-BE75-0D1B18D5CBE2}
		{8142B85F-B0C3-49CA-A3F7-FD4E7DAE410D} = {ADC7BB9D-9495-4927-BE75-0D1B18D5CBE2}
		{293DEA67-CC7D-4387-AB15-21B4E58E7EC1} = {ADC7BB9D-9495-4927-BE75-0D1B18D5CBE2}
		{67281155-C47E-4D2C-81AF-4B5898FD216F} = {C812FD4B-6D3A-4204-889A-B8A0E0B4B1AB}
		{BC5DE5B8-86BA-46B6-B0A4-C8D420B8A538} = {B6A1C68D-DD1E-4741-937A-269A597A76CE}
		{E05DC522-B7D9-40C0-953E-CBA364EBC266} = {93CE2D8F-21D6-448C-962A-4ADFB8A8F9CA}
		{02124D89-87AE-4C17-B0DD-7630A5624449} = {93CE2D8F-21D6-448C-962A-4ADFB8A8F9CA}
		{BF356003-F5DA-4DE4-AFE6-B222E8604324} = {B6A1C68D-DD1E-4741-937A-269A597A76CE}
		{3925CECF-B7D4-4515-BE76-2F34B189ACEB} = {BF356003-F5DA-4DE4-AFE6-B222E8604324}
	EndGlobalSection
EndGlobal
